<?xml version="1.0" encoding="utf-8"?>
<Project ToolsVersion="4.0" xmlns="http://schemas.microsoft.com/developer/msbuild/2003">
  <ItemGroup>
    <Filter Include="IOCP">
      <UniqueIdentifier>{86b8847e-7f23-4823-960c-2ff24c6a1139}</UniqueIdentifier>
    </Filter>
    <Filter Include="Log">
      <UniqueIdentifier>{41ab4599-182e-4153-b7ca-552dedd79ca1}</UniqueIdentifier>
    </Filter>
    <Filter Include="Dump">
      <UniqueIdentifier>{1d41fcab-5cb7-4cea-8086-feb2f51455a7}</UniqueIdentifier>
    </Filter>
    <Filter Include="MemoryPool">
      <UniqueIdentifier>{e9c76c18-f9e9-4d14-8eba-785d87ed471e}</UniqueIdentifier>
    </Filter>
    <Filter Include="Network">
      <UniqueIdentifier>{261ab9a3-fc6b-484d-a779-726f89afd0f8}</UniqueIdentifier>
    </Filter>
  </ItemGroup>
  <ItemGroup>
    <ClCompile Include="main.cpp" />
    <ClCompile Include="APIHook.cpp">
      <Filter>Dump</Filter>
    </ClCompile>
    <ClCompile Include="Dump.cpp">
      <Filter>Dump</Filter>
    </ClCompile>
    <ClCompile Include="Log.cpp">
      <Filter>Log</Filter>
    </ClCompile>
    <ClCompile Include="Packet.cpp">
      <Filter>Network</Filter>
    </ClCompile>
    <ClCompile Include="RingBuffer.cpp">
      <Filter>Network</Filter>
    </ClCompile>
    <ClCompile Include="NetServer.cpp">
      <Filter>IOCP</Filter>
    </ClCompile>
    <ClCompile Include="NetServer_Monitor.cpp">
      <Filter>IOCP</Filter>
    </ClCompile>
  </ItemGroup>
  <ItemGroup>
    <ClInclude Include="APIHook.h">
      <Filter>Dump</Filter>
    </ClInclude>
    <ClInclude Include="Dump.h">
      <Filter>Dump</Filter>
    </ClInclude>
    <ClInclude Include="Log.h">
      <Filter>Log</Filter>
    </ClInclude>
    <ClInclude Include="LockFreeQueue.h">
      <Filter>MemoryPool</Filter>
    </ClInclude>
    <ClInclude Include="LockFreeStack.h">
      <Filter>MemoryPool</Filter>
    </ClInclude>
    <ClInclude Include="MemoryPool.h">
      <Filter>MemoryPool</Filter>
    </ClInclude>
    <ClInclude Include="MemoryPool_TLS.h">
      <Filter>MemoryPool</Filter>
    </ClInclude>
    <ClInclude Include="Packet.h">
      <Filter>Network</Filter>
    </ClInclude>
    <ClInclude Include="RingBuffer.h">
      <Filter>Network</Filter>
    </ClInclude>
    <ClInclude Include="NetServer.h">
      <Filter>IOCP</Filter>
    </ClInclude>
    <ClInclude Include="NetServer_Monitor.h">
      <Filter>IOCP</Filter>
    </ClInclude>
  </ItemGroup>
</Project>